
Microsoft Visual Studio Solution File, Format Version 12.00
# Visual Studio Version 16
VisualStudioVersion = 16.0.31729.503
MinimumVisualStudioVersion = 10.0.40219.1
Project("{FAE04EC0-301F-11D3-BF4B-00C04F79EFBC}") = "Homework 1.4 Task 1", "Homework 1.4 Task 1.csproj", "{8C0451E2-CDD7-43E2-9C26-D97A09105A15}"
EndProject
Global
	GlobalSection(SolutionConfigurationPlatforms) = preSolution
		Debug|Any CPU = Debug|Any CPU
		Release|Any CPU = Release|Any CPU
	EndGlobalSection
	GlobalSection(ProjectConfigurationPlatforms) = postSolution
		{8C0451E2-CDD7-43E2-9C26-D97A09105A15}.Debug|Any CPU.ActiveCfg = Debug|Any CPU
		{8C0451E2-CDD7-43E2-9C26-D97A09105A15}.Debug|Any CPU.Build.0 = Debug|Any CPU
		{8C0451E2-CDD7-43E2-9C26-D97A09105A15}.Release|Any CPU.ActiveCfg = Release|Any CPU
		{8C0451E2-CDD7-43E2-9C26-D97A09105A15}.Release|Any CPU.Build.0 = Release|Any CPU
	EndGlobalSection
	GlobalSection(SolutionProperties) = preSolution
		HideSolutionNode = FALSE
	EndGlobalSection
	GlobalSection(ExtensibilityGlobals) = postSolution
		SolutionGuid = {2A5A198A-BF38-4E63-B378-1A755B822BBF}
	EndGlobalSection
EndGlobal
